// !$*UTF8*$!
{
	archiveVersion = 1;
	classes = {
	};
	objectVersion = 56;
	objects = {

/* Begin PBXBuildFile section */
		32F600000000000000000101 /* SimDeckStudioApp.swift in Sources */ = {isa = PBXBuildFile; fileRef = 32F600000000000000000201 /* SimDeckStudioApp.swift */; };
		32F600000000000000000102 /* Models.swift in Sources */ = {isa = PBXBuildFile; fileRef = 32F600000000000000000202 /* Models.swift */; };
		32F600000000000000000103 /* AppModel.swift in Sources */ = {isa = PBXBuildFile; fileRef = 32F600000000000000000203 /* AppModel.swift */; };
		32F600000000000000000104 /* ContentView.swift in Sources */ = {isa = PBXBuildFile; fileRef = 32F600000000000000000204 /* ContentView.swift */; };
		32F600000000000000000105 /* SimulatorStreamView.swift in Sources */ = {isa = PBXBuildFile; fileRef = 32F600000000000000000205 /* SimulatorStreamView.swift */; };
		32F600000000000000000106 /* SimDeckAPI.swift in Sources */ = {isa = PBXBuildFile; fileRef = 32F600000000000000000206 /* SimDeckAPI.swift */; };
		32F600000000000000000107 /* StudioLinkResolver.swift in Sources */ = {isa = PBXBuildFile; fileRef = 32F600000000000000000207 /* StudioLinkResolver.swift */; };
		32F600000000000000000108 /* SimDeckDiscovery.swift in Sources */ = {isa = PBXBuildFile; fileRef = 32F600000000000000000208 /* SimDeckDiscovery.swift */; };
		32F600000000000000000109 /* WebRTCClient.swift in Sources */ = {isa = PBXBuildFile; fileRef = 32F600000000000000000209 /* WebRTCClient.swift */; };
		32F600000000000000000110 /* WebRTCVideoView.swift in Sources */ = {isa = PBXBuildFile; fileRef = 32F600000000000000000210 /* WebRTCVideoView.swift */; };
		32F600000000000000000111 /* WebRTC.xcframework in Frameworks */ = {isa = PBXBuildFile; fileRef = 32F600000000000000000213 /* WebRTC.xcframework */; };
		32F600000000000000000112 /* WebRTC.xcframework in Embed Frameworks */ = {isa = PBXBuildFile; fileRef = 32F600000000000000000213 /* WebRTC.xcframework */; settings = {ATTRIBUTES = (CodeSignOnCopy, RemoveHeadersOnCopy, ); }; };
		32F600000000000000000113 /* Assets.xcassets in Resources */ = {isa = PBXBuildFile; fileRef = 32F600000000000000000214 /* Assets.xcassets */; };
		3A9C4A6B3C766B562D6CABB1 /* TouchInputUITests.swift in Sources */ = {isa = PBXBuildFile; fileRef = 0E0830E7B93C7BF012325210 /* TouchInputUITests.swift */; };
/* End PBXBuildFile section */

/* Begin PBXContainerItemProxy section */
		80C82F87D478C192C26D8DFB /* PBXContainerItemProxy */ = {
			isa = PBXContainerItemProxy;
			containerPortal = 32F600000000000000000701 /* Project object */;
			proxyType = 1;
			remoteGlobalIDString = 32F600000000000000000501;
			remoteInfo = SimDeckStudio;
		};
/* End PBXContainerItemProxy section */

/* Begin PBXCopyFilesBuildPhase section */
		32F600000000000000000603 /* Embed Frameworks */ = {
			isa = PBXCopyFilesBuildPhase;
			buildActionMask = 2147483647;
			dstPath = "";
			dstSubfolderSpec = 10;
			files = (
				32F600000000000000000112 /* WebRTC.xcframework in Embed Frameworks */,
			);
			name = "Embed Frameworks";
			runOnlyForDeploymentPostprocessing = 0;
		};
/* End PBXCopyFilesBuildPhase section */

/* Begin PBXFileReference section */
		0E0830E7B93C7BF012325210 /* TouchInputUITests.swift */ = {isa = PBXFileReference; includeInIndex = 1; lastKnownFileType = sourcecode.swift; path = TouchInputUITests.swift; sourceTree = "<group>"; };
		32F600000000000000000201 /* SimDeckStudioApp.swift */ = {isa = PBXFileReference; lastKnownFileType = sourcecode.swift; path = SimDeckStudioApp.swift; sourceTree = "<group>"; };
		32F600000000000000000202 /* Models.swift */ = {isa = PBXFileReference; lastKnownFileType = sourcecode.swift; path = Models.swift; sourceTree = "<group>"; };
		32F600000000000000000203 /* AppModel.swift */ = {isa = PBXFileReference; lastKnownFileType = sourcecode.swift; path = AppModel.swift; sourceTree = "<group>"; };
		32F600000000000000000204 /* ContentView.swift */ = {isa = PBXFileReference; lastKnownFileType = sourcecode.swift; path = ContentView.swift; sourceTree = "<group>"; };
		32F600000000000000000205 /* SimulatorStreamView.swift */ = {isa = PBXFileReference; lastKnownFileType = sourcecode.swift; path = SimulatorStreamView.swift; sourceTree = "<group>"; };
		32F600000000000000000206 /* SimDeckAPI.swift */ = {isa = PBXFileReference; lastKnownFileType = sourcecode.swift; path = SimDeckAPI.swift; sourceTree = "<group>"; };
		32F600000000000000000207 /* StudioLinkResolver.swift */ = {isa = PBXFileReference; lastKnownFileType = sourcecode.swift; path = StudioLinkResolver.swift; sourceTree = "<group>"; };
		32F600000000000000000208 /* SimDeckDiscovery.swift */ = {isa = PBXFileReference; lastKnownFileType = sourcecode.swift; path = SimDeckDiscovery.swift; sourceTree = "<group>"; };
		32F600000000000000000209 /* WebRTCClient.swift */ = {isa = PBXFileReference; lastKnownFileType = sourcecode.swift; path = WebRTCClient.swift; sourceTree = "<group>"; };
		32F600000000000000000210 /* WebRTCVideoView.swift */ = {isa = PBXFileReference; lastKnownFileType = sourcecode.swift; path = WebRTCVideoView.swift; sourceTree = "<group>"; };
		32F600000000000000000211 /* Info.plist */ = {isa = PBXFileReference; lastKnownFileType = text.plist.xml; path = Info.plist; sourceTree = "<group>"; };
		32F600000000000000000212 /* SimDeckStudio.entitlements */ = {isa = PBXFileReference; lastKnownFileType = text.plist.entitlements; path = SimDeckStudio.entitlements; sourceTree = "<group>"; };
		32F600000000000000000213 /* WebRTC.xcframework */ = {isa = PBXFileReference; lastKnownFileType = wrapper.xcframework; path = WebRTC.xcframework; sourceTree = "<group>"; };
		32F600000000000000000214 /* Assets.xcassets */ = {isa = PBXFileReference; lastKnownFileType = folder.assetcatalog; path = Assets.xcassets; sourceTree = "<group>"; };
		32F600000000000000000301 /* SimDeckStudio.app */ = {isa = PBXFileReference; explicitFileType = wrapper.application; includeInIndex = 0; path = SimDeckStudio.app; sourceTree = BUILT_PRODUCTS_DIR; };
		50797D45D5460B6BC5704020 /* SimDeckStudioUITests.xctest */ = {isa = PBXFileReference; explicitFileType = wrapper.cfbundle; includeInIndex = 0; path = SimDeckStudioUITests.xctest; sourceTree = BUILT_PRODUCTS_DIR; };
/* End PBXFileReference section */

/* Begin PBXFrameworksBuildPhase section */
		32F600000000000000000401 /* Frameworks */ = {
			isa = PBXFrameworksBuildPhase;
			buildActionMask = 2147483647;
			files = (
				32F600000000000000000111 /* WebRTC.xcframework in Frameworks */,
			);
			runOnlyForDeploymentPostprocessing = 0;
		};
		B151EB5A933CD8C86DFBE10E /* Frameworks */ = {
			isa = PBXFrameworksBuildPhase;
			buildActionMask = 2147483647;
			files = (
			);
			runOnlyForDeploymentPostprocessing = 0;
		};
/* End PBXFrameworksBuildPhase section */

/* Begin PBXGroup section */
		32F600000000000000000001 = {
			isa = PBXGroup;
			children = (
				32F600000000000000000002 /* SimDeckStudio */,
				32F600000000000000000004 /* Vendor */,
				32F600000000000000000003 /* Products */,
				5FB41460231279272C52D5A3 /* SimDeckStudioUITests */,
			);
			sourceTree = "<group>";
		};
		32F600000000000000000002 /* SimDeckStudio */ = {
			isa = PBXGroup;
			children = (
				32F600000000000000000011 /* App */,
				32F600000000000000000012 /* Discovery */,
				32F600000000000000000013 /* Networking */,
				32F600000000000000000014 /* Streaming */,
				32F600000000000000000015 /* Views */,
				32F600000000000000000214 /* Assets.xcassets */,
				32F600000000000000000211 /* Info.plist */,
				32F600000000000000000212 /* SimDeckStudio.entitlements */,
			);
			path = SimDeckStudio;
			sourceTree = "<group>";
		};
		32F600000000000000000003 /* Products */ = {
			isa = PBXGroup;
			children = (
				32F600000000000000000301 /* SimDeckStudio.app */,
				50797D45D5460B6BC5704020 /* SimDeckStudioUITests.xctest */,
			);
			name = Products;
			sourceTree = "<group>";
		};
		32F600000000000000000004 /* Vendor */ = {
			isa = PBXGroup;
			children = (
				32F600000000000000000213 /* WebRTC.xcframework */,
			);
			path = Vendor;
			sourceTree = "<group>";
		};
		32F600000000000000000011 /* App */ = {
			isa = PBXGroup;
			children = (
				32F600000000000000000201 /* SimDeckStudioApp.swift */,
				32F600000000000000000202 /* Models.swift */,
				32F600000000000000000203 /* AppModel.swift */,
			);
			path = App;
			sourceTree = "<group>";
		};
		32F600000000000000000012 /* Discovery */ = {
			isa = PBXGroup;
			children = (
				32F600000000000000000208 /* SimDeckDiscovery.swift */,
			);
			path = Discovery;
			sourceTree = "<group>";
		};
		32F600000000000000000013 /* Networking */ = {
			isa = PBXGroup;
			children = (
				32F600000000000000000206 /* SimDeckAPI.swift */,
				32F600000000000000000207 /* StudioLinkResolver.swift */,
			);
			path = Networking;
			sourceTree = "<group>";
		};
		32F600000000000000000014 /* Streaming */ = {
			isa = PBXGroup;
			children = (
				32F600000000000000000209 /* WebRTCClient.swift */,
				32F600000000000000000210 /* WebRTCVideoView.swift */,
			);
			path = Streaming;
			sourceTree = "<group>";
		};
		32F600000000000000000015 /* Views */ = {
			isa = PBXGroup;
			children = (
				32F600000000000000000204 /* ContentView.swift */,
				32F600000000000000000205 /* SimulatorStreamView.swift */,
			);
			path = Views;
			sourceTree = "<group>";
		};
		5FB41460231279272C52D5A3 /* SimDeckStudioUITests */ = {
			isa = PBXGroup;
			children = (
				0E0830E7B93C7BF012325210 /* TouchInputUITests.swift */,
			);
			path = SimDeckStudioUITests;
			sourceTree = "<group>";
		};
/* End PBXGroup section */

/* Begin PBXNativeTarget section */
		32F600000000000000000501 /* SimDeckStudio */ = {
			isa = PBXNativeTarget;
			buildConfigurationList = 32F600000000000000000702 /* Build configuration list for PBXNativeTarget "SimDeckStudio" */;
			buildPhases = (
				32F600000000000000000601 /* Sources */,
				32F600000000000000000401 /* Frameworks */,
				32F600000000000000000603 /* Embed Frameworks */,
				32F600000000000000000602 /* Resources */,
			);
			buildRules = (
			);
			dependencies = (
			);
			name = SimDeckStudio;
			productName = SimDeckStudio;
			productReference = 32F600000000000000000301 /* SimDeckStudio.app */;
			productType = "com.apple.product-type.application";
		};
		FBC7735647E9A44A486C2DF2 /* SimDeckStudioUITests */ = {
			isa = PBXNativeTarget;
			buildConfigurationList = 1C52AE8DD226FCCDC41EDFDF /* Build configuration list for PBXNativeTarget "SimDeckStudioUITests" */;
			buildPhases = (
				D3831B1DC69C672F90A8606C /* Sources */,
				B151EB5A933CD8C86DFBE10E /* Frameworks */,
				1567F8BCE4681DE66E798E61 /* Resources */,
			);
			buildRules = (
			);
			dependencies = (
				72AC10AEFEAC1B1C2E36620C /* PBXTargetDependency */,
			);
			name = SimDeckStudioUITests;
			productName = SimDeckStudioUITests;
			productReference = 50797D45D5460B6BC5704020 /* SimDeckStudioUITests.xctest */;
			productType = "com.apple.product-type.bundle.ui-testing";
		};
/* End PBXNativeTarget section */

/* Begin PBXProject section */
		32F600000000000000000701 /* Project object */ = {
			isa = PBXProject;
			attributes = {
				BuildIndependentTargetsInParallel = 1;
				LastSwiftUpdateCheck = 2650;
				LastUpgradeCheck = 2650;
				TargetAttributes = {
					32F600000000000000000501 = {
						CreatedOnToolsVersion = 26.5;
					};
				};
			};
			buildConfigurationList = 32F600000000000000000703 /* Build configuration list for PBXProject "SimDeckStudio" */;
			compatibilityVersion = "Xcode 14.0";
			developmentRegion = en;
			hasScannedForEncodings = 0;
			knownRegions = (
				en,
				Base,
			);
			mainGroup = 32F600000000000000000001;
			productRefGroup = 32F600000000000000000003 /* Products */;
			projectDirPath = "";
			projectRoot = "";
			targets = (
				32F600000000000000000501 /* SimDeckStudio */,
				FBC7735647E9A44A486C2DF2 /* SimDeckStudioUITests */,
			);
		};
/* End PBXProject section */

/* Begin PBXResourcesBuildPhase section */
		1567F8BCE4681DE66E798E61 /* Resources */ = {
			isa = PBXResourcesBuildPhase;
			buildActionMask = 2147483647;
			files = (
			);
			runOnlyForDeploymentPostprocessing = 0;
		};
		32F600000000000000000602 /* Resources */ = {
			isa = PBXResourcesBuildPhase;
			buildActionMask = 2147483647;
			files = (
				32F600000000000000000113 /* Assets.xcassets in Resources */,
			);
			runOnlyForDeploymentPostprocessing = 0;
		};
/* End PBXResourcesBuildPhase section */

/* Begin PBXSourcesBuildPhase section */
		32F600000000000000000601 /* Sources */ = {
			isa = PBXSourcesBuildPhase;
			buildActionMask = 2147483647;
			files = (
				32F600000000000000000101 /* SimDeckStudioApp.swift in Sources */,
				32F600000000000000000102 /* Models.swift in Sources */,
				32F600000000000000000103 /* AppModel.swift in Sources */,
				32F600000000000000000104 /* ContentView.swift in Sources */,
				32F600000000000000000105 /* SimulatorStreamView.swift in Sources */,
				32F600000000000000000106 /* SimDeckAPI.swift in Sources */,
				32F600000000000000000107 /* StudioLinkResolver.swift in Sources */,
				32F600000000000000000108 /* SimDeckDiscovery.swift in Sources */,
				32F600000000000000000109 /* WebRTCClient.swift in Sources */,
				32F600000000000000000110 /* WebRTCVideoView.swift in Sources */,
			);
			runOnlyForDeploymentPostprocessing = 0;
		};
		D3831B1DC69C672F90A8606C /* Sources */ = {
			isa = PBXSourcesBuildPhase;
			buildActionMask = 2147483647;
			files = (
				3A9C4A6B3C766B562D6CABB1 /* TouchInputUITests.swift in Sources */,
			);
			runOnlyForDeploymentPostprocessing = 0;
		};
/* End PBXSourcesBuildPhase section */

/* Begin PBXTargetDependency section */
		72AC10AEFEAC1B1C2E36620C /* PBXTargetDependency */ = {
			isa = PBXTargetDependency;
			name = SimDeckStudio;
			target = 32F600000000000000000501 /* SimDeckStudio */;
			targetProxy = 80C82F87D478C192C26D8DFB /* PBXContainerItemProxy */;
		};
/* End PBXTargetDependency section */

/* Begin XCBuildConfiguration section */
		0F82A76D64D109A47DE7A06D /* Debug */ = {
			isa = XCBuildConfiguration;
			buildSettings = {
				CLANG_ENABLE_OBJC_WEAK = NO;
				CODE_SIGN_STYLE = Automatic;
				DEVELOPMENT_TEAM = CS838V553Y;
				GENERATE_INFOPLIST_FILE = YES;
				IPHONEOS_DEPLOYMENT_TARGET = 17.0;
				PRODUCT_BUNDLE_IDENTIFIER = org.nativescript.simdeck.uitests;
				PRODUCT_NAME = "$(TARGET_NAME)";
				SDKROOT = iphoneos;
				SWIFT_VERSION = 5.0;
				TARGETED_DEVICE_FAMILY = "1,2";
				TEST_TARGET_NAME = SimDeckStudio;
			};
			name = Debug;
		};
		32F600000000000000000801 /* Debug */ = {
			isa = XCBuildConfiguration;
			buildSettings = {
				ALWAYS_SEARCH_USER_PATHS = NO;
				CLANG_ANALYZER_NONNULL = YES;
				CLANG_ANALYZER_NUMBER_OBJECT_CONVERSION = YES_AGGRESSIVE;
				CLANG_CXX_LANGUAGE_STANDARD = "gnu++20";
				CLANG_ENABLE_MODULES = YES;
				CLANG_ENABLE_OBJC_ARC = YES;
				CLANG_ENABLE_OBJC_WEAK = YES;
				CLANG_WARN_BLOCK_CAPTURE_AUTORELEASING = YES;
				CLANG_WARN_BOOL_CONVERSION = YES;
				CLANG_WARN_COMMA = YES;
				CLANG_WARN_CONSTANT_CONVERSION = YES;
				CLANG_WARN_DEPRECATED_OBJC_IMPLEMENTATIONS = YES;
				CLANG_WARN_DIRECT_OBJC_ISA_USAGE = YES_ERROR;
				CLANG_WARN_DOCUMENTATION_COMMENTS = YES;
				CLANG_WARN_EMPTY_BODY = YES;
				CLANG_WARN_ENUM_CONVERSION = YES;
				CLANG_WARN_INFINITE_RECURSION = YES;
				CLANG_WARN_INT_CONVERSION = YES;
				CLANG_WARN_NON_LITERAL_NULL_CONVERSION = YES;
				CLANG_WARN_OBJC_IMPLICIT_RETAIN_SELF = YES;
				CLANG_WARN_OBJC_LITERAL_CONVERSION = YES;
				CLANG_WARN_OBJC_ROOT_CLASS = YES_ERROR;
				CLANG_WARN_QUOTED_INCLUDE_IN_FRAMEWORK_HEADER = YES;
				CLANG_WARN_RANGE_LOOP_ANALYSIS = YES;
				CLANG_WARN_STRICT_PROTOTYPES = YES;
				CLANG_WARN_SUSPICIOUS_MOVE = YES;
				CLANG_WARN_UNGUARDED_AVAILABILITY = YES_AGGRESSIVE;
				CLANG_WARN_UNREACHABLE_CODE = YES;
				CLANG_WARN__DUPLICATE_METHOD_MATCH = YES;
				COPY_PHASE_STRIP = NO;
				DEBUG_INFORMATION_FORMAT = dwarf;
				ENABLE_STRICT_OBJC_MSGSEND = YES;
				ENABLE_TESTABILITY = YES;
				ENABLE_USER_SCRIPT_SANDBOXING = YES;
				GCC_C_LANGUAGE_STANDARD = gnu17;
				GCC_DYNAMIC_NO_PIC = NO;
				GCC_NO_COMMON_BLOCKS = YES;
				GCC_OPTIMIZATION_LEVEL = 0;
				GCC_PREPROCESSOR_DEFINITIONS = (
					"DEBUG=1",
					"$(inherited)",
				);
				GCC_WARN_64_TO_32_BIT_CONVERSION = YES;
				GCC_WARN_ABOUT_RETURN_TYPE = YES_ERROR;
				GCC_WARN_UNDECLARED_SELECTOR = YES;
				GCC_WARN_UNINITIALIZED_AUTOS = YES_AGGRESSIVE;
				GCC_WARN_UNUSED_FUNCTION = YES;
				GCC_WARN_UNUSED_VARIABLE = YES;
				IPHONEOS_DEPLOYMENT_TARGET = 17.0;
				MTL_ENABLE_DEBUG_INFO = INCLUDE_SOURCE;
				MTL_FAST_MATH = YES;
				ONLY_ACTIVE_ARCH = YES;
				SDKROOT = iphoneos;
				SWIFT_ACTIVE_COMPILATION_CONDITIONS = "DEBUG $(inherited)";
				SWIFT_OPTIMIZATION_LEVEL = "-Onone";
			};
			name = Debug;
		};
		32F600000000000000000802 /* Release */ = {
			isa = XCBuildConfiguration;
			buildSettings = {
				ALWAYS_SEARCH_USER_PATHS = NO;
				CLANG_ANALYZER_NONNULL = YES;
				CLANG_ANALYZER_NUMBER_OBJECT_CONVERSION = YES_AGGRESSIVE;
				CLANG_CXX_LANGUAGE_STANDARD = "gnu++20";
				CLANG_ENABLE_MODULES = YES;
				CLANG_ENABLE_OBJC_ARC = YES;
				CLANG_ENABLE_OBJC_WEAK = YES;
				CLANG_WARN_BLOCK_CAPTURE_AUTORELEASING = YES;
				CLANG_WARN_BOOL_CONVERSION = YES;
				CLANG_WARN_COMMA = YES;
				CLANG_WARN_CONSTANT_CONVERSION = YES;
				CLANG_WARN_DEPRECATED_OBJC_IMPLEMENTATIONS = YES;
				CLANG_WARN_DIRECT_OBJC_ISA_USAGE = YES_ERROR;
				CLANG_WARN_DOCUMENTATION_COMMENTS = YES;
				CLANG_WARN_EMPTY_BODY = YES;
				CLANG_WARN_ENUM_CONVERSION = YES;
				CLANG_WARN_INFINITE_RECURSION = YES;
				CLANG_WARN_INT_CONVERSION = YES;
				CLANG_WARN_NON_LITERAL_NULL_CONVERSION = YES;
				CLANG_WARN_OBJC_IMPLICIT_RETAIN_SELF = YES;
				CLANG_WARN_OBJC_LITERAL_CONVERSION = YES;
				CLANG_WARN_OBJC_ROOT_CLASS = YES_ERROR;
				CLANG_WARN_QUOTED_INCLUDE_IN_FRAMEWORK_HEADER = YES;
				CLANG_WARN_RANGE_LOOP_ANALYSIS = YES;
				CLANG_WARN_STRICT_PROTOTYPES = YES;
				CLANG_WARN_SUSPICIOUS_MOVE = YES;
				CLANG_WARN_UNGUARDED_AVAILABILITY = YES_AGGRESSIVE;
				CLANG_WARN_UNREACHABLE_CODE = YES;
				CLANG_WARN__DUPLICATE_METHOD_MATCH = YES;
				COPY_PHASE_STRIP = NO;
				DEBUG_INFORMATION_FORMAT = "dwarf-with-dsym";
				ENABLE_NS_ASSERTIONS = NO;
				ENABLE_STRICT_OBJC_MSGSEND = YES;
				ENABLE_USER_SCRIPT_SANDBOXING = YES;
				GCC_C_LANGUAGE_STANDARD = gnu17;
				GCC_NO_COMMON_BLOCKS = YES;
				GCC_WARN_64_TO_32_BIT_CONVERSION = YES;
				GCC_WARN_ABOUT_RETURN_TYPE = YES_ERROR;
				GCC_WARN_UNDECLARED_SELECTOR = YES;
				GCC_WARN_UNINITIALIZED_AUTOS = YES_AGGRESSIVE;
				GCC_WARN_UNUSED_FUNCTION = YES;
				GCC_WARN_UNUSED_VARIABLE = YES;
				IPHONEOS_DEPLOYMENT_TARGET = 17.0;
				MTL_ENABLE_DEBUG_INFO = NO;
				MTL_FAST_MATH = YES;
				SDKROOT = iphoneos;
				SWIFT_COMPILATION_MODE = wholemodule;
				SWIFT_OPTIMIZATION_LEVEL = "-O";
				VALIDATE_PRODUCT = YES;
			};
			name = Release;
		};
		32F600000000000000000803 /* Debug */ = {
			isa = XCBuildConfiguration;
			buildSettings = {
				ASSETCATALOG_COMPILER_APPICON_NAME = AppIcon;
				CODE_SIGN_ENTITLEMENTS = SimDeckStudio/SimDeckStudio.entitlements;
				CODE_SIGN_STYLE = Automatic;
				CURRENT_PROJECT_VERSION = 20260519200323;
				DEVELOPMENT_ASSET_PATHS = "";
				DEVELOPMENT_TEAM = CS838V553Y;
				ENABLE_PREVIEWS = YES;
				GENERATE_INFOPLIST_FILE = NO;
				INFOPLIST_FILE = SimDeckStudio/Info.plist;
				IPHONEOS_DEPLOYMENT_TARGET = 17.0;
				LD_RUNPATH_SEARCH_PATHS = (
					"$(inherited)",
					"@executable_path/Frameworks",
				);
				MARKETING_VERSION = 0.1.1;
				PRODUCT_BUNDLE_IDENTIFIER = org.nativescript.simdeck;
				PRODUCT_NAME = "$(TARGET_NAME)";
				SUPPORTED_PLATFORMS = "iphoneos iphonesimulator";
				SUPPORTS_MACCATALYST = NO;
				SWIFT_EMIT_LOC_STRINGS = YES;
				SWIFT_STRICT_CONCURRENCY = targeted;
				SWIFT_VERSION = 5.0;
				TARGETED_DEVICE_FAMILY = "1,2";
			};
			name = Debug;
		};
		32F600000000000000000804 /* Release */ = {
			isa = XCBuildConfiguration;
			buildSettings = {
				ASSETCATALOG_COMPILER_APPICON_NAME = AppIcon;
				CODE_SIGN_ENTITLEMENTS = SimDeckStudio/SimDeckStudio.entitlements;
				CODE_SIGN_STYLE = Automatic;
				CURRENT_PROJECT_VERSION = 20260519200323;
				DEVELOPMENT_ASSET_PATHS = "";
				DEVELOPMENT_TEAM = CS838V553Y;
				ENABLE_PREVIEWS = YES;
				GENERATE_INFOPLIST_FILE = NO;
				INFOPLIST_FILE = SimDeckStudio/Info.plist;
				IPHONEOS_DEPLOYMENT_TARGET = 17.0;
				LD_RUNPATH_SEARCH_PATHS = (
					"$(inherited)",
					"@executable_path/Frameworks",
				);
				MARKETING_VERSION = 0.1.1;
				PRODUCT_BUNDLE_IDENTIFIER = org.nativescript.simdeck;
				PRODUCT_NAME = "$(TARGET_NAME)";
				SUPPORTED_PLATFORMS = "iphoneos iphonesimulator";
				SUPPORTS_MACCATALYST = NO;
				SWIFT_EMIT_LOC_STRINGS = YES;
				SWIFT_STRICT_CONCURRENCY = targeted;
				SWIFT_VERSION = 5.0;
				TARGETED_DEVICE_FAMILY = "1,2";
			};
			name = Release;
		};
		A1D98B14A0CE37C8026D77DE /* Release */ = {
			isa = XCBuildConfiguration;
			buildSettings = {
				CLANG_ENABLE_OBJC_WEAK = NO;
				CODE_SIGN_STYLE = Automatic;
				DEVELOPMENT_TEAM = CS838V553Y;
				GENERATE_INFOPLIST_FILE = YES;
				IPHONEOS_DEPLOYMENT_TARGET = 17.0;
				PRODUCT_BUNDLE_IDENTIFIER = org.nativescript.simdeck.uitests;
				PRODUCT_NAME = "$(TARGET_NAME)";
				SDKROOT = iphoneos;
				SWIFT_VERSION = 5.0;
				TARGETED_DEVICE_FAMILY = "1,2";
				TEST_TARGET_NAME = SimDeckStudio;
				VALIDATE_PRODUCT = YES;
			};
			name = Release;
		};
/* End XCBuildConfiguration section */

/* Begin XCConfigurationList section */
		1C52AE8DD226FCCDC41EDFDF /* Build configuration list for PBXNativeTarget "SimDeckStudioUITests" */ = {
			isa = XCConfigurationList;
			buildConfigurations = (
				A1D98B14A0CE37C8026D77DE /* Release */,
				0F82A76D64D109A47DE7A06D /* Debug */,
			);
			defaultConfigurationIsVisible = 0;
			defaultConfigurationName = Release;
		};
		32F600000000000000000702 /* Build configuration list for PBXNativeTarget "SimDeckStudio" */ = {
			isa = XCConfigurationList;
			buildConfigurations = (
				32F600000000000000000803 /* Debug */,
				32F600000000000000000804 /* Release */,
			);
			defaultConfigurationIsVisible = 0;
			defaultConfigurationName = Release;
		};
		32F600000000000000000703 /* Build configuration list for PBXProject "SimDeckStudio" */ = {
			isa = XCConfigurationList;
			buildConfigurations = (
				32F600000000000000000801 /* Debug */,
				32F600000000000000000802 /* Release */,
			);
			defaultConfigurationIsVisible = 0;
			defaultConfigurationName = Release;
		};
/* End XCConfigurationList section */
	};
	rootObject = 32F600000000000000000701 /* Project object */;
}
